
Microsoft Visual Studio Solution File, Format Version 12.00
# Visual Studio 2012
Project("{FAE04EC0-301F-11D3-BF4B-00C04F79EFBC}") = "PrestigeWorldwide", "PrestigeWorldwide\PrestigeWorldwide\PrestigeWorldwide.csproj", "{04A93A0F-FEA1-45A2-BBD2-AB40F9149A20}"
EndProject
Project("{FAE04EC0-301F-11D3-BF4B-00C04F79EFBC}") = "PrestigeWorldwideContent", "PrestigeWorldwide\PrestigeWorldwideContent\PrestigeWorldwideContent.contentproj", "{D7E2E078-7294-4B68-9B99-5343EDED63A6}"
EndProject
Global
	GlobalSection(TeamFoundationVersionControl) = preSolution
		SccNumberOfProjects = 3
		SccEnterpriseProvider = {4CA58AB2-18FA-4F8D-95D4-32DDF27D184C}
		SccTeamFoundationServer = https://jameystock.visualstudio.com/defaultcollection
		SccLocalPath0 = .
		SccProjectUniqueName1 = PrestigeWorldwide\\PrestigeWorldwideContent\\PrestigeWorldwideContent.contentproj
		SccProjectName1 = PrestigeWorldwide/PrestigeWorldwideContent
		SccLocalPath1 = PrestigeWorldwide\\PrestigeWorldwideContent
		SccProjectUniqueName2 = PrestigeWorldwide\\PrestigeWorldwide\\PrestigeWorldwide.csproj
		SccProjectName2 = PrestigeWorldwide/PrestigeWorldwide
		SccLocalPath2 = PrestigeWorldwide\\PrestigeWorldwide
	EndGlobalSection
	GlobalSection(SolutionConfigurationPlatforms) = preSolution
		Debug|x86 = Debug|x86
		Release|x86 = Release|x86
	EndGlobalSection
	GlobalSection(ProjectConfigurationPlatforms) = postSolution
		{04A93A0F-FEA1-45A2-BBD2-AB40F9149A20}.Debug|x86.ActiveCfg = Debug|x86
		{04A93A0F-FEA1-45A2-BBD2-AB40F9149A20}.Debug|x86.Build.0 = Debug|x86
		{04A93A0F-FEA1-45A2-BBD2-AB40F9149A20}.Release|x86.ActiveCfg = Release|x86
		{04A93A0F-FEA1-45A2-BBD2-AB40F9149A20}.Release|x86.Build.0 = Release|x86
		{D7E2E078-7294-4B68-9B99-5343EDED63A6}.Debug|x86.ActiveCfg = Debug|x86
		{D7E2E078-7294-4B68-9B99-5343EDED63A6}.Release|x86.ActiveCfg = Release|x86
	EndGlobalSection
	GlobalSection(SolutionProperties) = preSolution
		HideSolutionNode = FALSE
	EndGlobalSection
EndGlobal
